
Microsoft Visual Studio Solution File, Format Version 12.00
# Visual Studio Version 16
VisualStudioVersion = 16.0.32802.440
MinimumVisualStudioVersion = 10.0.40219.1
Project("{FAE04EC0-301F-11D3-BF4B-00C04F79EFBC}") = "DiamondPattern", "DiamondPattern\DiamondPattern.csproj", "{3A04AED7-C530-4B75-96C9-AB1A52EF1C94}"
EndProject
Project("{FAE04EC0-301F-11D3-BF4B-00C04F79EFBC}") = "DiamondPatternTests", "DiamondPatternTests\DiamondPatternTests.csproj", "{07E5A502-96B8-48BE-8FFF-D6E48C4EB4B8}"
EndProject
Global
	GlobalSection(SolutionConfigurationPlatforms) = preSolution
		Debug|Any CPU = Debug|Any CPU
		Release|Any CPU = Release|Any CPU
	EndGlobalSection
	GlobalSection(ProjectConfigurationPlatforms) = postSolution
		{3A04AED7-C530-4B75-96C9-AB1A52EF1C94}.Debug|Any CPU.ActiveCfg = Debug|Any CPU
		{3A04AED7-C530-4B75-96C9-AB1A52EF1C94}.Debug|Any CPU.Build.0 = Debug|Any CPU
		{3A04AED7-C530-4B75-96C9-AB1A52EF1C94}.Release|Any CPU.ActiveCfg = Release|Any CPU
		{3A04AED7-C530-4B75-96C9-AB1A52EF1C94}.Release|Any CPU.Build.0 = Release|Any CPU
		{07E5A502-96B8-48BE-8FFF-D6E48C4EB4B8}.Debug|Any CPU.ActiveCfg = Debug|Any CPU
		{07E5A502-96B8-48BE-8FFF-D6E48C4EB4B8}.Debug|Any CPU.Build.0 = Debug|Any CPU
		{07E5A502-96B8-48BE-8FFF-D6E48C4EB4B8}.Release|Any CPU.ActiveCfg = Release|Any CPU
		{07E5A502-96B8-48BE-8FFF-D6E48C4EB4B8}.Release|Any CPU.Build.0 = Release|Any CPU
	EndGlobalSection
	GlobalSection(SolutionProperties) = preSolution
		HideSolutionNode = FALSE
	EndGlobalSection
	GlobalSection(ExtensibilityGlobals) = postSolution
		SolutionGuid = {5B35577B-F575-4B7D-A89E-7E0C2CE46D68}
	EndGlobalSection
EndGlobal
